{
  "name": "functional",
  "version": "1.0.0",
  "lockfileVersion": 3,
  "requires": true,
  "packages": {
    "": {
      "name": "functional",
      "version": "1.0.0",
      "license": "ISC",
      "dependencies": {
        "partial.js": "^1.4.0"
      }
    },
    "node_modules/partial.js": {
      "version": "1.4.0",
      "resolved": "https://registry.npmjs.org/partial.js/-/partial.js-1.4.0.tgz",
      "integrity": "sha512-wgVrWEMJLjMTEUEfhmBWJsNdYYDK/Z/qcNvZ3fiikGKjZsidqVkWi2OF16+rIGbTD4+m9wNN0ZJjXPEs1WEFZA==",
      "bin": {
        "partial.js": "bin/partial"
      },
      "engines": {
        "node": ">=0.8.0"
      }
    }
  }
}
